{
  "name": "autocomplete",
  "version": "1.0.0",
  "lockfileVersion": 1,
  "requires": true,
  "dependencies": {
    "asap": {
      "version": "https://registry.npmjs.org/asap/-/asap-2.0.5.tgz",
      "integrity": "sha1-UidltQw1EEkOUtfc/ghe+bqWlY8="
    },
    "atlas-autocomplete": {
      "version": "0.7.0",
      "resolved": "https://registry.npmjs.org/atlas-autocomplete/-/atlas-autocomplete-0.7.0.tgz",
      "integrity": "sha512-s4KPa1l4UqaMjusUM2avIH5ODEORKUT4Achf+/ct0KAFqrfyCVJXf3LAYxs4uR6u5nbX4CsYamA7SXzgwoR6Aw==",
      "requires": {
        "prop-types": "https://registry.npmjs.org/prop-types/-/prop-types-15.5.10.tgz",
        "react": "https://registry.npmjs.org/react/-/react-15.6.1.tgz",
        "react-autocomplete": "1.5.10",
        "react-dom": "https://registry.npmjs.org/react-dom/-/react-dom-15.6.1.tgz",
        "react-refetch": "1.0.0",
        "urijs": "1.18.10"
      }
    },
    "core-js": {
      "version": "https://registry.npmjs.org/core-js/-/core-js-1.2.7.tgz",
      "integrity": "sha1-ZSKUwUZR2yj6k70tX/KYOk8IxjY="
    },
    "create-react-class": {
      "version": "https://registry.npmjs.org/create-react-class/-/create-react-class-15.6.0.tgz",
      "integrity": "sha1-q0SEl8JlZuHilBPogyB9V8/nvtQ=",
      "requires": {
        "fbjs": "https://registry.npmjs.org/fbjs/-/fbjs-0.8.12.tgz",
        "loose-envify": "https://registry.npmjs.org/loose-envify/-/loose-envify-1.3.1.tgz",
        "object-assign": "https://registry.npmjs.org/object-assign/-/object-assign-4.1.1.tgz"
      }
    },
    "dom-scroll-into-view": {
      "version": "1.0.1",
      "resolved": "https://registry.npmjs.org/dom-scroll-into-view/-/dom-scroll-into-view-1.0.1.tgz",
      "integrity": "sha1-Mqu5Lw2P7KYhUWKu9D5LRJq42Zw="
    },
    "encoding": {
      "version": "https://registry.npmjs.org/encoding/-/encoding-0.1.12.tgz",
      "integrity": "sha1-U4tm8+5izRq1HsMjgp0flIDHS+s=",
      "requires": {
        "iconv-lite": "https://registry.npmjs.org/iconv-lite/-/iconv-lite-0.4.18.tgz"
      }
    },
    "fbjs": {
      "version": "https://registry.npmjs.org/fbjs/-/fbjs-0.8.12.tgz",
      "integrity": "sha1-ELXZL3bUVXX9Y6IX1OoCvqL47QQ=",
      "requires": {
        "core-js": "https://registry.npmjs.org/core-js/-/core-js-1.2.7.tgz",
        "isomorphic-fetch": "https://registry.npmjs.org/isomorphic-fetch/-/isomorphic-fetch-2.2.1.tgz",
        "loose-envify": "https://registry.npmjs.org/loose-envify/-/loose-envify-1.3.1.tgz",
        "object-assign": "https://registry.npmjs.org/object-assign/-/object-assign-4.1.1.tgz",
        "promise": "https://registry.npmjs.org/promise/-/promise-7.3.1.tgz",
        "setimmediate": "https://registry.npmjs.org/setimmediate/-/setimmediate-1.0.5.tgz",
        "ua-parser-js": "https://registry.npmjs.org/ua-parser-js/-/ua-parser-js-0.7.13.tgz"
      }
    },
    "hoist-non-react-statics": {
      "version": "1.2.0",
      "resolved": "https://registry.npmjs.org/hoist-non-react-statics/-/hoist-non-react-statics-1.2.0.tgz",
      "integrity": "sha1-qkSM8JhtVcxAdzsXF0t90GbLfPs="
    },
    "iconv-lite": {
      "version": "https://registry.npmjs.org/iconv-lite/-/iconv-lite-0.4.18.tgz",
      "integrity": "sha1-I9hlaxaq5nQqwpcy6o8DNqR4nPI="
    },
    "invariant": {
      "version": "2.2.2",
      "resolved": "https://registry.npmjs.org/invariant/-/invariant-2.2.2.tgz",
      "integrity": "sha1-nh9WrArNtr8wMwbzOL47IErmA2A=",
      "requires": {
        "loose-envify": "https://registry.npmjs.org/loose-envify/-/loose-envify-1.3.1.tgz"
      }
    },
    "is-stream": {
      "version": "https://registry.npmjs.org/is-stream/-/is-stream-1.1.0.tgz",
      "integrity": "sha1-EtSj3U5o4Lec6428hBc66A2RykQ="
    },
    "isomorphic-fetch": {
      "version": "https://registry.npmjs.org/isomorphic-fetch/-/isomorphic-fetch-2.2.1.tgz",
      "integrity": "sha1-YRrhrPFPXoH3KVB0coGf6XM1WKk=",
      "requires": {
        "node-fetch": "https://registry.npmjs.org/node-fetch/-/node-fetch-1.7.1.tgz",
        "whatwg-fetch": "https://registry.npmjs.org/whatwg-fetch/-/whatwg-fetch-2.0.3.tgz"
      }
    },
    "js-tokens": {
      "version": "https://registry.npmjs.org/js-tokens/-/js-tokens-3.0.2.tgz",
      "integrity": "sha1-mGbfOVECEw449/mWvOtlRDIJwls="
    },
    "lodash": {
      "version": "4.17.4",
      "resolved": "https://registry.npmjs.org/lodash/-/lodash-4.17.4.tgz",
      "integrity": "sha1-eCA6TRwyiuHYbcpkYONptX9AVa4="
    },
    "loose-envify": {
      "version": "https://registry.npmjs.org/loose-envify/-/loose-envify-1.3.1.tgz",
      "integrity": "sha1-0aitM/qc4OcT1l/dCsi3SNR4yEg=",
      "requires": {
        "js-tokens": "https://registry.npmjs.org/js-tokens/-/js-tokens-3.0.2.tgz"
      }
    },
    "node-fetch": {
      "version": "https://registry.npmjs.org/node-fetch/-/node-fetch-1.7.1.tgz",
      "integrity": "sha1-iZyz0KPJL5UsR/G4dvTIrqvUANU=",
      "requires": {
        "encoding": "https://registry.npmjs.org/encoding/-/encoding-0.1.12.tgz",
        "is-stream": "https://registry.npmjs.org/is-stream/-/is-stream-1.1.0.tgz"
      }
    },
    "object-assign": {
      "version": "https://registry.npmjs.org/object-assign/-/object-assign-4.1.1.tgz",
      "integrity": "sha1-IQmtx5ZYh8/AXLvUQsrIv7s2CGM="
    },
    "promise": {
      "version": "https://registry.npmjs.org/promise/-/promise-7.3.1.tgz",
      "integrity": "sha1-BktyYCsY+Q8pGSuLG8QY/9Hr078=",
      "requires": {
        "asap": "https://registry.npmjs.org/asap/-/asap-2.0.5.tgz"
      }
    },
    "prop-types": {
      "version": "https://registry.npmjs.org/prop-types/-/prop-types-15.5.10.tgz",
      "integrity": "sha1-J5ffwxJhguOpXj37suiT3ddFYVQ=",
      "requires": {
        "fbjs": "https://registry.npmjs.org/fbjs/-/fbjs-0.8.12.tgz",
        "loose-envify": "https://registry.npmjs.org/loose-envify/-/loose-envify-1.3.1.tgz"
      }
    },
    "react": {
      "version": "https://registry.npmjs.org/react/-/react-15.6.1.tgz",
      "integrity": "sha1-uqhDTsZ4C96ZfNw4C3nNM7ljk98=",
      "requires": {
        "create-react-class": "https://registry.npmjs.org/create-react-class/-/create-react-class-15.6.0.tgz",
        "fbjs": "https://registry.npmjs.org/fbjs/-/fbjs-0.8.12.tgz",
        "loose-envify": "https://registry.npmjs.org/loose-envify/-/loose-envify-1.3.1.tgz",
        "object-assign": "https://registry.npmjs.org/object-assign/-/object-assign-4.1.1.tgz",
        "prop-types": "https://registry.npmjs.org/prop-types/-/prop-types-15.5.10.tgz"
      }
    },
    "react-autocomplete": {
      "version": "1.5.10",
      "resolved": "https://registry.npmjs.org/react-autocomplete/-/react-autocomplete-1.5.10.tgz",
      "integrity": "sha1-Q+fA6JWN94QdwaFj0XTFt7gkOcg=",
      "requires": {
        "dom-scroll-into-view": "1.0.1",
        "prop-types": "https://registry.npmjs.org/prop-types/-/prop-types-15.5.10.tgz"
      }
    },
    "react-dom": {
      "version": "https://registry.npmjs.org/react-dom/-/react-dom-15.6.1.tgz",
      "integrity": "sha1-LLDtQZEDjlPCCes6eaI+Kkz5lHA=",
      "requires": {
        "fbjs": "https://registry.npmjs.org/fbjs/-/fbjs-0.8.12.tgz",
        "loose-envify": "https://registry.npmjs.org/loose-envify/-/loose-envify-1.3.1.tgz",
        "object-assign": "https://registry.npmjs.org/object-assign/-/object-assign-4.1.1.tgz",
        "prop-types": "https://registry.npmjs.org/prop-types/-/prop-types-15.5.10.tgz"
      }
    },
    "react-refetch": {
      "version": "1.0.0",
      "resolved": "https://registry.npmjs.org/react-refetch/-/react-refetch-1.0.0.tgz",
      "integrity": "sha1-5VygiA82m62Cp/07u1sPIDWGeeE=",
      "requires": {
        "hoist-non-react-statics": "1.2.0",
        "invariant": "2.2.2",
        "lodash": "4.17.4",
        "warning": "2.1.0"
      }
    },
    "setimmediate": {
      "version": "https://registry.npmjs.org/setimmediate/-/setimmediate-1.0.5.tgz",
      "integrity": "sha1-KQy7Iy4waULX1+qbg3Mqt4VvgoU="
    },
    "ua-parser-js": {
      "version": "https://registry.npmjs.org/ua-parser-js/-/ua-parser-js-0.7.13.tgz",
      "integrity": "sha1-zZ3S+GSTs/RNvu7zeA/adMXuFL4="
    },
    "urijs": {
      "version": "1.18.10",
      "resolved": "https://registry.npmjs.org/urijs/-/urijs-1.18.10.tgz",
      "integrity": "sha1-uURj6rpZoaeWA2pGe7YzxmfyIas="
    },
    "warning": {
      "version": "2.1.0",
      "resolved": "https://registry.npmjs.org/warning/-/warning-2.1.0.tgz",
      "integrity": "sha1-ISINnGOvx3qMkhEeARr3Bc4MaQE=",
      "requires": {
        "loose-envify": "https://registry.npmjs.org/loose-envify/-/loose-envify-1.3.1.tgz"
      }
    },
    "whatwg-fetch": {
      "version": "https://registry.npmjs.org/whatwg-fetch/-/whatwg-fetch-2.0.3.tgz",
      "integrity": "sha1-nITsLc9oGH/wC8ZOEnS0QhduHIQ="
    }
  }
}
